
Microsoft Visual Studio Solution File, Format Version 12.00
# Visual Studio Version 17
VisualStudioVersion = 17.4.33213.308
MinimumVisualStudioVersion = 10.0.40219.1
Project("{FAE04EC0-301F-11D3-BF4B-00C04F79EFBC}") = "Keygen", "Keygen\Keygen.csproj", "{1A0F26BF-438B-4EC5-A329-F15D9D388832}"
EndProject
Global
	GlobalSection(SolutionConfigurationPlatforms) = preSolution
		Debug|Any CPU = Debug|Any CPU
		Release|Any CPU = Release|Any CPU
	EndGlobalSection
	GlobalSection(ProjectConfigurationPlatforms) = postSolution
		{1A0F26BF-438B-4EC5-A329-F15D9D388832}.Debug|Any CPU.ActiveCfg = Debug|Any CPU
		{1A0F26BF-438B-4EC5-A329-F15D9D388832}.Debug|Any CPU.Build.0 = Debug|Any CPU
		{1A0F26BF-438B-4EC5-A329-F15D9D388832}.Release|Any CPU.ActiveCfg = Release|Any CPU
		{1A0F26BF-438B-4EC5-A329-F15D9D388832}.Release|Any CPU.Build.0 = Release|Any CPU
	EndGlobalSection
	GlobalSection(SolutionProperties) = preSolution
		HideSolutionNode = FALSE
	EndGlobalSection
	GlobalSection(ExtensibilityGlobals) = postSolution
		SolutionGuid = {3E068D1B-B922-4A3E-9807-0F5DEB6EFE5A}
	EndGlobalSection
EndGlobal
